
Microsoft Visual Studio Solution File, Format Version 12.00
# Visual Studio Version 16
VisualStudioVersion = 16.0.30204.135
MinimumVisualStudioVersion = 10.0.40219.1
Project("{9A19103F-16F7-4668-BE54-9A1E7A4F7556}") = "AVSoft", "AVSoft.csproj", "{C15577A4-2DE9-4CBC-89D4-B91EAE8078D7}"
EndProject
Global
	GlobalSection(SolutionConfigurationPlatforms) = preSolution
		Debug|Any CPU = Debug|Any CPU
		Release|Any CPU = Release|Any CPU
	EndGlobalSection
	GlobalSection(ProjectConfigurationPlatforms) = postSolution
		{C15577A4-2DE9-4CBC-89D4-B91EAE8078D7}.Debug|Any CPU.ActiveCfg = Debug|Any CPU
		{C15577A4-2DE9-4CBC-89D4-B91EAE8078D7}.Debug|Any CPU.Build.0 = Debug|Any CPU
		{C15577A4-2DE9-4CBC-89D4-B91EAE8078D7}.Release|Any CPU.ActiveCfg = Release|Any CPU
		{C15577A4-2DE9-4CBC-89D4-B91EAE8078D7}.Release|Any CPU.Build.0 = Release|Any CPU
	EndGlobalSection
	GlobalSection(SolutionProperties) = preSolution
		HideSolutionNode = FALSE
	EndGlobalSection
	GlobalSection(ExtensibilityGlobals) = postSolution
		SolutionGuid = {0D72F18B-7E9B-406E-BC9A-3A9393AB7028}
	EndGlobalSection
EndGlobal
